
Microsoft Visual Studio Solution File, Format Version 12.00
Project("{2150E333-8FDC-42A3-9474-1A3956D46DE8}") = "Solution Items", "Solution Items", "{FB857882-FF8C-4DBB-A757-B4851E58BCAC}"
	ProjectSection(SolutionItems) = preProject
		.github\workflows\master_eventhubapiserver.yml = .github\workflows\master_eventhubapiserver.yml
		README.md = README.md
		LICENSE.txt = LICENSE.txt
		.gitignore = .gitignore
	EndProjectSection
EndProject
Project("{2150E333-8FDC-42A3-9474-1A3956D46DE8}") = "source", "source", "{2C74F3F0-706A-4C28-A342-8540883430B0}"
EndProject
Project("{FAE04EC0-301F-11D3-BF4B-00C04F79EFBC}") = "EventHub.Domain", "source\EventHub.Domain\EventHub.Domain.csproj", "{962DB10F-6FE0-4481-8411-489FBC38A39A}"
EndProject
Project("{FAE04EC0-301F-11D3-BF4B-00C04F79EFBC}") = "EventHub.Infrastructure", "source\EventHub.Infrastructure\EventHub.Infrastructure.csproj", "{8AA1E36F-98C3-416C-9AD5-DF21170E67E5}"
EndProject
Project("{FAE04EC0-301F-11D3-BF4B-00C04F79EFBC}") = "EventHub.Presentation", "source\EventHub.Presentation\EventHub.Presentation.csproj", "{E88576E1-0E60-4B08-BB84-072631D136D0}"
EndProject
Project("{FAE04EC0-301F-11D3-BF4B-00C04F79EFBC}") = "EventHub.Application", "source\EventHub.Application\EventHub.Application.csproj", "{EE8B6DFC-831A-498D-8B2C-CCA8DEB347CE}"
EndProject
Project("{FAE04EC0-301F-11D3-BF4B-00C04F79EFBC}") = "EventHub.Shared", "source\EventHub.Shared\EventHub.Shared.csproj", "{8F4AECBC-D51E-438F-A5CF-83BED1D37F7E}"
EndProject
Project("{FAE04EC0-301F-11D3-BF4B-00C04F79EFBC}") = "EventHub.SignalR", "source\EventHub.SignalR\EventHub.SignalR.csproj", "{CBD4C72B-E83E-4C36-BF65-05482E64B989}"
EndProject
Project("{FAE04EC0-301F-11D3-BF4B-00C04F79EFBC}") = "EventHub.Persistence", "source\EventHub.Persistence\EventHub.Persistence.csproj", "{74AC3CF4-26A8-4AEB-8304-870F6B06C31D}"
EndProject
Project("{FAE04EC0-301F-11D3-BF4B-00C04F79EFBC}") = "EventHub.Abstractions", "source\EventHub.Abstractions\EventHub.Abstractions.csproj", "{993E229A-8D74-445A-8BDB-D523CCE194B9}"
EndProject
Project("{2150E333-8FDC-42A3-9474-1A3956D46DE8}") = "deploy", "deploy", "{1288BBA1-4041-409A-B978-0DF1FD67324E}"
	ProjectSection(SolutionItems) = preProject
		deploy\docker-compose.yml = deploy\docker-compose.yml
		deploy\docker-compose.production.yml = deploy\docker-compose.production.yml
		deploy\docker-compose.development.yml = deploy\docker-compose.development.yml
		deploy\.dockerignore = deploy\.dockerignore
	EndProjectSection
EndProject
Project("{2150E333-8FDC-42A3-9474-1A3956D46DE8}") = "aspire", "aspire", "{A34ABBD6-F431-44F5-9BB0-1787FFFDF3C8}"
EndProject
Project("{FAE04EC0-301F-11D3-BF4B-00C04F79EFBC}") = "EventHub.AppHost", "aspire\EventHub.AppHost\EventHub.AppHost.csproj", "{3D0420A6-7B23-42C3-B872-105E533E6565}"
EndProject
Project("{FAE04EC0-301F-11D3-BF4B-00C04F79EFBC}") = "EventHub.ServiceDefaults", "aspire\EventHub.ServiceDefaults\EventHub.ServiceDefaults.csproj", "{3D282AB7-2BDE-42AA-AF24-AD1AC4048663}"
EndProject
Global
	GlobalSection(SolutionConfigurationPlatforms) = preSolution
		Debug|Any CPU = Debug|Any CPU
		Release|Any CPU = Release|Any CPU
	EndGlobalSection
	GlobalSection(ProjectConfigurationPlatforms) = postSolution
		{962DB10F-6FE0-4481-8411-489FBC38A39A}.Debug|Any CPU.ActiveCfg = Debug|Any CPU
		{962DB10F-6FE0-4481-8411-489FBC38A39A}.Debug|Any CPU.Build.0 = Debug|Any CPU
		{962DB10F-6FE0-4481-8411-489FBC38A39A}.Release|Any CPU.ActiveCfg = Release|Any CPU
		{962DB10F-6FE0-4481-8411-489FBC38A39A}.Release|Any CPU.Build.0 = Release|Any CPU
		{8AA1E36F-98C3-416C-9AD5-DF21170E67E5}.Debug|Any CPU.ActiveCfg = Debug|Any CPU
		{8AA1E36F-98C3-416C-9AD5-DF21170E67E5}.Debug|Any CPU.Build.0 = Debug|Any CPU
		{8AA1E36F-98C3-416C-9AD5-DF21170E67E5}.Release|Any CPU.ActiveCfg = Release|Any CPU
		{8AA1E36F-98C3-416C-9AD5-DF21170E67E5}.Release|Any CPU.Build.0 = Release|Any CPU
		{E88576E1-0E60-4B08-BB84-072631D136D0}.Debug|Any CPU.ActiveCfg = Debug|Any CPU
		{E88576E1-0E60-4B08-BB84-072631D136D0}.Debug|Any CPU.Build.0 = Debug|Any CPU
		{E88576E1-0E60-4B08-BB84-072631D136D0}.Release|Any CPU.ActiveCfg = Release|Any CPU
		{E88576E1-0E60-4B08-BB84-072631D136D0}.Release|Any CPU.Build.0 = Release|Any CPU
		{EE8B6DFC-831A-498D-8B2C-CCA8DEB347CE}.Debug|Any CPU.ActiveCfg = Debug|Any CPU
		{EE8B6DFC-831A-498D-8B2C-CCA8DEB347CE}.Debug|Any CPU.Build.0 = Debug|Any CPU
		{EE8B6DFC-831A-498D-8B2C-CCA8DEB347CE}.Release|Any CPU.ActiveCfg = Release|Any CPU
		{EE8B6DFC-831A-498D-8B2C-CCA8DEB347CE}.Release|Any CPU.Build.0 = Release|Any CPU
		{8F4AECBC-D51E-438F-A5CF-83BED1D37F7E}.Debug|Any CPU.ActiveCfg = Debug|Any CPU
		{8F4AECBC-D51E-438F-A5CF-83BED1D37F7E}.Debug|Any CPU.Build.0 = Debug|Any CPU
		{8F4AECBC-D51E-438F-A5CF-83BED1D37F7E}.Release|Any CPU.ActiveCfg = Release|Any CPU
		{8F4AECBC-D51E-438F-A5CF-83BED1D37F7E}.Release|Any CPU.Build.0 = Release|Any CPU
		{CBD4C72B-E83E-4C36-BF65-05482E64B989}.Debug|Any CPU.ActiveCfg = Debug|Any CPU
		{CBD4C72B-E83E-4C36-BF65-05482E64B989}.Debug|Any CPU.Build.0 = Debug|Any CPU
		{CBD4C72B-E83E-4C36-BF65-05482E64B989}.Release|Any CPU.ActiveCfg = Release|Any CPU
		{CBD4C72B-E83E-4C36-BF65-05482E64B989}.Release|Any CPU.Build.0 = Release|Any CPU
		{74AC3CF4-26A8-4AEB-8304-870F6B06C31D}.Debug|Any CPU.ActiveCfg = Debug|Any CPU
		{74AC3CF4-26A8-4AEB-8304-870F6B06C31D}.Debug|Any CPU.Build.0 = Debug|Any CPU
		{74AC3CF4-26A8-4AEB-8304-870F6B06C31D}.Release|Any CPU.ActiveCfg = Release|Any CPU
		{74AC3CF4-26A8-4AEB-8304-870F6B06C31D}.Release|Any CPU.Build.0 = Release|Any CPU
		{993E229A-8D74-445A-8BDB-D523CCE194B9}.Debug|Any CPU.ActiveCfg = Debug|Any CPU
		{993E229A-8D74-445A-8BDB-D523CCE194B9}.Debug|Any CPU.Build.0 = Debug|Any CPU
		{993E229A-8D74-445A-8BDB-D523CCE194B9}.Release|Any CPU.ActiveCfg = Release|Any CPU
		{993E229A-8D74-445A-8BDB-D523CCE194B9}.Release|Any CPU.Build.0 = Release|Any CPU
		{3D0420A6-7B23-42C3-B872-105E533E6565}.Debug|Any CPU.ActiveCfg = Debug|Any CPU
		{3D0420A6-7B23-42C3-B872-105E533E6565}.Debug|Any CPU.Build.0 = Debug|Any CPU
		{3D0420A6-7B23-42C3-B872-105E533E6565}.Release|Any CPU.ActiveCfg = Release|Any CPU
		{3D0420A6-7B23-42C3-B872-105E533E6565}.Release|Any CPU.Build.0 = Release|Any CPU
		{3D282AB7-2BDE-42AA-AF24-AD1AC4048663}.Debug|Any CPU.ActiveCfg = Debug|Any CPU
		{3D282AB7-2BDE-42AA-AF24-AD1AC4048663}.Debug|Any CPU.Build.0 = Debug|Any CPU
		{3D282AB7-2BDE-42AA-AF24-AD1AC4048663}.Release|Any CPU.ActiveCfg = Release|Any CPU
		{3D282AB7-2BDE-42AA-AF24-AD1AC4048663}.Release|Any CPU.Build.0 = Release|Any CPU
	EndGlobalSection
	GlobalSection(NestedProjects) = preSolution
		{962DB10F-6FE0-4481-8411-489FBC38A39A} = {2C74F3F0-706A-4C28-A342-8540883430B0}
		{8AA1E36F-98C3-416C-9AD5-DF21170E67E5} = {2C74F3F0-706A-4C28-A342-8540883430B0}
		{E88576E1-0E60-4B08-BB84-072631D136D0} = {2C74F3F0-706A-4C28-A342-8540883430B0}
		{EE8B6DFC-831A-498D-8B2C-CCA8DEB347CE} = {2C74F3F0-706A-4C28-A342-8540883430B0}
		{8F4AECBC-D51E-438F-A5CF-83BED1D37F7E} = {2C74F3F0-706A-4C28-A342-8540883430B0}
		{CBD4C72B-E83E-4C36-BF65-05482E64B989} = {2C74F3F0-706A-4C28-A342-8540883430B0}
		{74AC3CF4-26A8-4AEB-8304-870F6B06C31D} = {2C74F3F0-706A-4C28-A342-8540883430B0}
		{993E229A-8D74-445A-8BDB-D523CCE194B9} = {2C74F3F0-706A-4C28-A342-8540883430B0}
		{3D0420A6-7B23-42C3-B872-105E533E6565} = {A34ABBD6-F431-44F5-9BB0-1787FFFDF3C8}
		{3D282AB7-2BDE-42AA-AF24-AD1AC4048663} = {A34ABBD6-F431-44F5-9BB0-1787FFFDF3C8}
	EndGlobalSection
EndGlobal
