
Microsoft Visual Studio Solution File, Format Version 12.00
Project("{2150E333-8FDC-42A3-9474-1A3956D46DE8}") = "Solution Items", "Solution Items", "{FB857882-FF8C-4DBB-A757-B4851E58BCAC}"
	ProjectSection(SolutionItems) = preProject
		src\docker-compose.development.yml = src\docker-compose.development.yml
		src\docker-compose.production.yml = src\docker-compose.production.yml
		src\Dockerfile = src\Dockerfile
		.github\workflows\master_eventhubapiserver.yml = .github\workflows\master_eventhubapiserver.yml
		README.md = README.md
		LICENSE.txt = LICENSE.txt
	EndProjectSection
EndProject
Project("{FAE04EC0-301F-11D3-BF4B-00C04F79EFBC}") = "EventHub.Domain", "src\EventHub.Domain\EventHub.Domain.csproj", "{96323770-B75F-4787-A81F-3B223016586C}"
EndProject
Project("{FAE04EC0-301F-11D3-BF4B-00C04F79EFBC}") = "EventHub.Infrastructure", "src\EventHub.Infrastructure\EventHub.Infrastructure.csproj", "{DF4AA01D-7738-4990-88BC-7CD3C11793B1}"
EndProject
Project("{FAE04EC0-301F-11D3-BF4B-00C04F79EFBC}") = "EventHub.Presentation", "src\EventHub.Presentation\EventHub.Presentation.csproj", "{2977CD6B-DA4E-423F-9A7D-F4F881CD9702}"
EndProject
Project("{FAE04EC0-301F-11D3-BF4B-00C04F79EFBC}") = "EventHub.Application", "src\EventHub.Application\EventHub.Application.csproj", "{95E61338-B5A3-486F-8E79-903C417665C0}"
EndProject
Project("{FAE04EC0-301F-11D3-BF4B-00C04F79EFBC}") = "EventHub.Shared", "src\EventHub.Shared\EventHub.Shared.csproj", "{A0BE85EF-83F0-488D-9E69-FCB2C518AEA3}"
EndProject
Project("{FAE04EC0-301F-11D3-BF4B-00C04F79EFBC}") = "EventHub.SignalR", "src\EventHub.SignalR\EventHub.SignalR.csproj", "{506D2D4A-D390-474F-B3E0-E68CB1743E12}"
EndProject
Project("{FAE04EC0-301F-11D3-BF4B-00C04F79EFBC}") = "EventHub.Persistence", "src\EventHub.Persistence\EventHub.Persistence.csproj", "{9F7E0B80-878B-4EAD-8E02-448593A47985}"
EndProject
Global
	GlobalSection(SolutionConfigurationPlatforms) = preSolution
		Debug|Any CPU = Debug|Any CPU
		Release|Any CPU = Release|Any CPU
	EndGlobalSection
	GlobalSection(ProjectConfigurationPlatforms) = postSolution
		{96323770-B75F-4787-A81F-3B223016586C}.Debug|Any CPU.ActiveCfg = Debug|Any CPU
		{96323770-B75F-4787-A81F-3B223016586C}.Debug|Any CPU.Build.0 = Debug|Any CPU
		{96323770-B75F-4787-A81F-3B223016586C}.Release|Any CPU.ActiveCfg = Release|Any CPU
		{96323770-B75F-4787-A81F-3B223016586C}.Release|Any CPU.Build.0 = Release|Any CPU
		{DF4AA01D-7738-4990-88BC-7CD3C11793B1}.Debug|Any CPU.ActiveCfg = Debug|Any CPU
		{DF4AA01D-7738-4990-88BC-7CD3C11793B1}.Debug|Any CPU.Build.0 = Debug|Any CPU
		{DF4AA01D-7738-4990-88BC-7CD3C11793B1}.Release|Any CPU.ActiveCfg = Release|Any CPU
		{DF4AA01D-7738-4990-88BC-7CD3C11793B1}.Release|Any CPU.Build.0 = Release|Any CPU
		{2977CD6B-DA4E-423F-9A7D-F4F881CD9702}.Debug|Any CPU.ActiveCfg = Debug|Any CPU
		{2977CD6B-DA4E-423F-9A7D-F4F881CD9702}.Debug|Any CPU.Build.0 = Debug|Any CPU
		{2977CD6B-DA4E-423F-9A7D-F4F881CD9702}.Release|Any CPU.ActiveCfg = Release|Any CPU
		{2977CD6B-DA4E-423F-9A7D-F4F881CD9702}.Release|Any CPU.Build.0 = Release|Any CPU
		{95E61338-B5A3-486F-8E79-903C417665C0}.Debug|Any CPU.ActiveCfg = Debug|Any CPU
		{95E61338-B5A3-486F-8E79-903C417665C0}.Debug|Any CPU.Build.0 = Debug|Any CPU
		{95E61338-B5A3-486F-8E79-903C417665C0}.Release|Any CPU.ActiveCfg = Release|Any CPU
		{95E61338-B5A3-486F-8E79-903C417665C0}.Release|Any CPU.Build.0 = Release|Any CPU
		{A0BE85EF-83F0-488D-9E69-FCB2C518AEA3}.Debug|Any CPU.ActiveCfg = Debug|Any CPU
		{A0BE85EF-83F0-488D-9E69-FCB2C518AEA3}.Debug|Any CPU.Build.0 = Debug|Any CPU
		{A0BE85EF-83F0-488D-9E69-FCB2C518AEA3}.Release|Any CPU.ActiveCfg = Release|Any CPU
		{A0BE85EF-83F0-488D-9E69-FCB2C518AEA3}.Release|Any CPU.Build.0 = Release|Any CPU
		{506D2D4A-D390-474F-B3E0-E68CB1743E12}.Debug|Any CPU.ActiveCfg = Debug|Any CPU
		{506D2D4A-D390-474F-B3E0-E68CB1743E12}.Debug|Any CPU.Build.0 = Debug|Any CPU
		{506D2D4A-D390-474F-B3E0-E68CB1743E12}.Release|Any CPU.ActiveCfg = Release|Any CPU
		{506D2D4A-D390-474F-B3E0-E68CB1743E12}.Release|Any CPU.Build.0 = Release|Any CPU
		{9F7E0B80-878B-4EAD-8E02-448593A47985}.Debug|Any CPU.ActiveCfg = Debug|Any CPU
		{9F7E0B80-878B-4EAD-8E02-448593A47985}.Debug|Any CPU.Build.0 = Debug|Any CPU
		{9F7E0B80-878B-4EAD-8E02-448593A47985}.Release|Any CPU.ActiveCfg = Release|Any CPU
		{9F7E0B80-878B-4EAD-8E02-448593A47985}.Release|Any CPU.Build.0 = Release|Any CPU
	EndGlobalSection
EndGlobal
